
Microsoft Visual Studio Solution File, Format Version 12.00
# Visual Studio Version 17
VisualStudioVersion = 17.8.34309.116
MinimumVisualStudioVersion = 10.0.40219.1
Project("{FAE04EC0-301F-11D3-BF4B-00C04F79EFBC}") = "AutoStart_CHIA_TAI", "AutoStart_CHIA_TAI\AutoStart_CHIA_TAI.csproj", "{C794CD64-8721-408B-9066-826FE80109DA}"
EndProject
Global
	GlobalSection(SolutionConfigurationPlatforms) = preSolution
		Debug|Any CPU = Debug|Any CPU
		Release|Any CPU = Release|Any CPU
	EndGlobalSection
	GlobalSection(ProjectConfigurationPlatforms) = postSolution
		{C794CD64-8721-408B-9066-826FE80109DA}.Debug|Any CPU.ActiveCfg = Debug|Any CPU
		{C794CD64-8721-408B-9066-826FE80109DA}.Debug|Any CPU.Build.0 = Debug|Any CPU
		{C794CD64-8721-408B-9066-826FE80109DA}.Release|Any CPU.ActiveCfg = Release|Any CPU
		{C794CD64-8721-408B-9066-826FE80109DA}.Release|Any CPU.Build.0 = Release|Any CPU
	EndGlobalSection
	GlobalSection(SolutionProperties) = preSolution
		HideSolutionNode = FALSE
	EndGlobalSection
	GlobalSection(ExtensibilityGlobals) = postSolution
		SolutionGuid = {AB2F48D3-91AC-4DF8-B00D-57D2EEEF5B5F}
	EndGlobalSection
EndGlobal
